
Microsoft Visual Studio Solution File, Format Version 12.00
# Visual Studio Version 17
VisualStudioVersion = 17.11.35327.3
MinimumVisualStudioVersion = 10.0.40219.1
Project("{9A19103F-16F7-4668-BE54-9A1E7A4F7556}") = "LanchesIO.API", "LanchesIO.API.csproj", "{C73B61FF-97BD-4B63-A55F-A68E62C541D8}"
EndProject
Project("{54A90642-561A-4BB1-A94E-469ADEE60C69}") = "LanchesIOApp", "..\LanchesIOApp\LanchesIOApp.esproj", "{4E454AC0-A324-47BA-80C0-81FA0155A7AA}"
EndProject
Project("{FAE04EC0-301F-11D3-BF4B-00C04F79EFBC}") = "LanchesIO.API.Tests", "..\LanchesIO.API.Tests\LanchesIO.API.Tests.csproj", "{D38E7917-4446-43EB-BDFE-2ED43C2AB60A}"
EndProject
Global
	GlobalSection(SolutionConfigurationPlatforms) = preSolution
		Debug|Any CPU = Debug|Any CPU
		Release|Any CPU = Release|Any CPU
	EndGlobalSection
	GlobalSection(ProjectConfigurationPlatforms) = postSolution
		{C73B61FF-97BD-4B63-A55F-A68E62C541D8}.Debug|Any CPU.ActiveCfg = Debug|Any CPU
		{C73B61FF-97BD-4B63-A55F-A68E62C541D8}.Debug|Any CPU.Build.0 = Debug|Any CPU
		{C73B61FF-97BD-4B63-A55F-A68E62C541D8}.Release|Any CPU.ActiveCfg = Release|Any CPU
		{C73B61FF-97BD-4B63-A55F-A68E62C541D8}.Release|Any CPU.Build.0 = Release|Any CPU
		{4E454AC0-A324-47BA-80C0-81FA0155A7AA}.Debug|Any CPU.ActiveCfg = Debug|Any CPU
		{4E454AC0-A324-47BA-80C0-81FA0155A7AA}.Debug|Any CPU.Build.0 = Debug|Any CPU
		{4E454AC0-A324-47BA-80C0-81FA0155A7AA}.Debug|Any CPU.Deploy.0 = Debug|Any CPU
		{4E454AC0-A324-47BA-80C0-81FA0155A7AA}.Release|Any CPU.ActiveCfg = Release|Any CPU
		{4E454AC0-A324-47BA-80C0-81FA0155A7AA}.Release|Any CPU.Build.0 = Release|Any CPU
		{4E454AC0-A324-47BA-80C0-81FA0155A7AA}.Release|Any CPU.Deploy.0 = Release|Any CPU
		{D38E7917-4446-43EB-BDFE-2ED43C2AB60A}.Debug|Any CPU.ActiveCfg = Debug|Any CPU
		{D38E7917-4446-43EB-BDFE-2ED43C2AB60A}.Debug|Any CPU.Build.0 = Debug|Any CPU
		{D38E7917-4446-43EB-BDFE-2ED43C2AB60A}.Release|Any CPU.ActiveCfg = Release|Any CPU
		{D38E7917-4446-43EB-BDFE-2ED43C2AB60A}.Release|Any CPU.Build.0 = Release|Any CPU
	EndGlobalSection
	GlobalSection(SolutionProperties) = preSolution
		HideSolutionNode = FALSE
	EndGlobalSection
	GlobalSection(ExtensibilityGlobals) = postSolution
		SolutionGuid = {289579A2-458F-41C6-8710-AE88EA3A2541}
	EndGlobalSection
EndGlobal
